{
  "name": "ftre-octo-plugin",
  "version": "1.0.0",
  "lockfileVersion": 3,
  "requires": true,
  "packages": {
    "": {
      "name": "ftre-octo-plugin",
      "version": "1.0.0",
      "license": "ISC",
      "dependencies": {
        "curve25519-js": "^0.0.4",
        "md5-typescript": "^1.0.5",
        "ws": "^8.21.0"
      }
    },
    "node_modules/curve25519-js": {
      "version": "0.0.4",
      "resolved": "https://registry.npmmirror.com/curve25519-js/-/curve25519-js-0.0.4.tgz",
      "integrity": "sha512-axn2UMEnkhyDUPWOwVKBMVIzSQy2ejH2xRGy1wq81dqRwApXfIzfbE3hIX0ZRFBIihf/KDqK158DLwESu4AK1w==",
      "license": "MIT"
    },
    "node_modules/md5-typescript": {
      "version": "1.0.5",
      "resolved": "https://registry.npmmirror.com/md5-typescript/-/md5-typescript-1.0.5.tgz",
      "integrity": "sha512-ovAc4EtiNt2dY8JPhPr/wkC9h4U5k/nuClNVcG0Ga3V1rMlYpAY24ZaaymFXJlz+ccJ6UMPo3FSaVKe7czBsXw==",
      "license": "ISC"
    },
    "node_modules/ws": {
      "version": "8.21.0",
      "resolved": "https://registry.npmmirror.com/ws/-/ws-8.21.0.tgz",
      "integrity": "sha512-Vsp28b7DRcimFQvrqu2Wek3z1iYxDCWqHYB8Qsnk/S4RfaCQzPGPyBNuVjJV3cd6UiKtUtp6sNM77gWvzcCH+g==",
      "license": "MIT",
      "engines": {
        "node": ">=10.0.0"
      },
      "peerDependencies": {
        "bufferutil": "^4.0.1",
        "utf-8-validate": ">=5.0.2"
      },
      "peerDependenciesMeta": {
        "bufferutil": {
          "optional": true
        },
        "utf-8-validate": {
          "optional": true
        }
      }
    }
  }
}
